
Microsoft Visual Studio Solution File, Format Version 12.00
# Visual Studio Version 16
VisualStudioVersion = 16.0.29306.81
MinimumVisualStudioVersion = 10.0.40219.1
Project("{FAE04EC0-301F-11D3-BF4B-00C04F79EFBC}") = "Zork", "Zork\Zork.csproj", "{0EC80AC6-759C-40BB-AF96-0B5731983444}"
EndProject
Global
	GlobalSection(SolutionConfigurationPlatforms) = preSolution
		Debug|Any CPU = Debug|Any CPU
		Release|Any CPU = Release|Any CPU
	EndGlobalSection
	GlobalSection(ProjectConfigurationPlatforms) = postSolution
		{0EC80AC6-759C-40BB-AF96-0B5731983444}.Debug|Any CPU.ActiveCfg = Debug|Any CPU
		{0EC80AC6-759C-40BB-AF96-0B5731983444}.Debug|Any CPU.Build.0 = Debug|Any CPU
		{0EC80AC6-759C-40BB-AF96-0B5731983444}.Release|Any CPU.ActiveCfg = Release|Any CPU
		{0EC80AC6-759C-40BB-AF96-0B5731983444}.Release|Any CPU.Build.0 = Release|Any CPU
	EndGlobalSection
	GlobalSection(SolutionProperties) = preSolution
		HideSolutionNode = FALSE
	EndGlobalSection
	GlobalSection(ExtensibilityGlobals) = postSolution
		SolutionGuid = {95DF1EFE-3B80-4291-A1F8-05838304A68F}
	EndGlobalSection
EndGlobal
